[[dependencies]]
name = "@openzeppelin-contracts"
version = "4.8.0"
url = "https://soldeer-revisions.s3.amazonaws.com/@openzeppelin-contracts/4_8_0_22-01-2024_13:13:40_contracts.zip"
checksum = "932598a6426b76e315bb9fac536011eb21a76984015efe9e8167c4fc9d7e32a3"
integrity = "954367e8adec93f80c6e795012955706347cdb0359360e7c835e4dd29e5a9c2f"

[[dependencies]]
name = "@openzeppelin-contracts-upgradeable"
version = "4.8.0"
url = "https://soldeer-revisions.s3.amazonaws.com/@openzeppelin-contracts-upgradeable/4_8_0_22-01-2024_13:14:55_contracts-upgradeable.zip"
checksum = "9bd3feb8a6ac529ecf2ab1927bf482bfee9abc2568533b155e567715b83ba94e"
integrity = "16aa3677eec13cfddee8ee412031773a45525d4780b741eab29c746b545afc77"

[[dependencies]]
name = "erc721a"
version = "4.3.0"
url = "https://soldeer-revisions.s3.amazonaws.com/erc721a/4_3_0_14-03-2024_06:28:52_erc721a.zip"
checksum = "95826815148f5281311395186258940cc01f18d5d95975050a2c5f0f835d476d"
integrity = "43c1eb15351e04592630e7200eb7a8eca32aedc86be492d4f0c1825065cd70eb"

[[dependencies]]
name = "forge-std"
version = "1.9.7"
url = "https://soldeer-revisions.s3.amazonaws.com/forge-std/1_9_7_28-04-2025_15:55:08_forge-std-1.9.zip"
checksum = "8d9e0a885fa8ee6429a4d344aeb6799119f6a94c7c4fe6f188df79b0dce294ba"
integrity = "9e60fdba82bc374df80db7f2951faff6467b9091873004a3d314cf0c084b3c7d"

[[dependencies]]
name = "slice"
version = "0.0.3"
url = "https://soldeer-revisions.s3.amazonaws.com/slice/0_0_3_23-06-2025_14:43:22_src.zip"
checksum = "4cab5dd357deb274edcc50b78da5e4d42f7f0bc1f7fcf33b44bd798b7c7d190d"
integrity = "45bd7975e13a29f8a71fcc54d30ced5675faa90a72b0a8094cf5acc94a512b86"
