[[dependencies]]
name = "@openzeppelin-contracts"
version = "4.8.0"
url = "https://soldeer-revisions.s3.amazonaws.com/@openzeppelin-contracts/4_8_0_22-01-2024_13:13:40_contracts.zip"
checksum = "932598a6426b76e315bb9fac536011eb21a76984015efe9e8167c4fc9d7e32a3"
integrity = "954367e8adec93f80c6e795012955706347cdb0359360e7c835e4dd29e5a9c2f"

[[dependencies]]
name = "erc721a"
version = "4.3.0"
url = "https://soldeer-revisions.s3.amazonaws.com/erc721a/4_3_0_14-03-2024_06:28:52_erc721a.zip"
checksum = "95826815148f5281311395186258940cc01f18d5d95975050a2c5f0f835d476d"
integrity = "43c1eb15351e04592630e7200eb7a8eca32aedc86be492d4f0c1825065cd70eb"

[[dependencies]]
name = "forge-std"
version = "1.9.7"
url = "https://soldeer-revisions.s3.amazonaws.com/forge-std/1_9_7_28-04-2025_15:55:08_forge-std-1.9.zip"
checksum = "8d9e0a885fa8ee6429a4d344aeb6799119f6a94c7c4fe6f188df79b0dce294ba"
integrity = "9e60fdba82bc374df80db7f2951faff6467b9091873004a3d314cf0c084b3c7d"

[[dependencies]]
name = "slice"
version = "0.0.4"
url = "https://soldeer-revisions.s3.amazonaws.com/slice/0_0_4_14-07-2025_00:59:56_src.zip"
checksum = "b71b5ab29290b4683269547cbe571044f7938e8940a3996be6da882534c29f9e"
integrity = "07e086edca2dff96ddc168abeea5e11d3d7aa0f0a964163d3de4c0d1b7acbb0c"
